// !$*UTF8*$!
{
	archiveVersion = 1;
	classes = {
	};
	objectVersion = 55;
	objects = {

/* Begin PBXBuildFile section */
		A5CDF54E273789AD009B0D79 /* BlobMakerApp.swift in Sources */ = {isa = PBXBuildFile; fileRef = A5CDF53E273789AA009B0D79 /* BlobMakerApp.swift */; };
		A5CDF54F273789AD009B0D79 /* BlobMakerApp.swift in Sources */ = {isa = PBXBuildFile; fileRef = A5CDF53E273789AA009B0D79 /* BlobMakerApp.swift */; };
		A5CDF550273789AD009B0D79 /* ContentView.swift in Sources */ = {isa = PBXBuildFile; fileRef = A5CDF53F273789AA009B0D79 /* ContentView.swift */; };
		A5CDF551273789AD009B0D79 /* ContentView.swift in Sources */ = {isa = PBXBuildFile; fileRef = A5CDF53F273789AA009B0D79 /* ContentView.swift */; };
		A5CDF552273789AD009B0D79 /* Assets.xcassets in Resources */ = {isa = PBXBuildFile; fileRef = A5CDF540273789AD009B0D79 /* Assets.xcassets */; };
		A5CDF553273789AD009B0D79 /* Assets.xcassets in Resources */ = {isa = PBXBuildFile; fileRef = A5CDF540273789AD009B0D79 /* Assets.xcassets */; };
		A5EAE80027397EEC00F93290 /* AnimatableCGPointVector.swift in Sources */ = {isa = PBXBuildFile; fileRef = A5EAE7FF27397EEC00F93290 /* AnimatableCGPointVector.swift */; };
		A5EAE80127397EEC00F93290 /* AnimatableCGPointVector.swift in Sources */ = {isa = PBXBuildFile; fileRef = A5EAE7FF27397EEC00F93290 /* AnimatableCGPointVector.swift */; };
		A5EAE80327397F4500F93290 /* BlobShape.swift in Sources */ = {isa = PBXBuildFile; fileRef = A5EAE80227397F4500F93290 /* BlobShape.swift */; };
		A5EAE80427397F4500F93290 /* BlobShape.swift in Sources */ = {isa = PBXBuildFile; fileRef = A5EAE80227397F4500F93290 /* BlobShape.swift */; };
/* End PBXBuildFile section */

/* Begin PBXFileReference section */
		A5CDF53E273789AA009B0D79 /* BlobMakerApp.swift */ = {isa = PBXFileReference; lastKnownFileType = sourcecode.swift; path = BlobMakerApp.swift; sourceTree = "<group>"; };
		A5CDF53F273789AA009B0D79 /* ContentView.swift */ = {isa = PBXFileReference; lastKnownFileType = sourcecode.swift; path = ContentView.swift; sourceTree = "<group>"; };
		A5CDF540273789AD009B0D79 /* Assets.xcassets */ = {isa = PBXFileReference; lastKnownFileType = folder.assetcatalog; path = Assets.xcassets; sourceTree = "<group>"; };
		A5CDF545273789AD009B0D79 /* BlobMaker.app */ = {isa = PBXFileReference; explicitFileType = wrapper.application; includeInIndex = 0; path = BlobMaker.app; sourceTree = BUILT_PRODUCTS_DIR; };
		A5CDF54B273789AD009B0D79 /* BlobMaker.app */ = {isa = PBXFileReference; explicitFileType = wrapper.application; includeInIndex = 0; path = BlobMaker.app; sourceTree = BUILT_PRODUCTS_DIR; };
		A5CDF54D273789AD009B0D79 /* macOS.entitlements */ = {isa = PBXFileReference; lastKnownFileType = text.plist.entitlements; path = macOS.entitlements; sourceTree = "<group>"; };
		A5EAE7FF27397EEC00F93290 /* AnimatableCGPointVector.swift */ = {isa = PBXFileReference; lastKnownFileType = sourcecode.swift; path = AnimatableCGPointVector.swift; sourceTree = "<group>"; };
		A5EAE80227397F4500F93290 /* BlobShape.swift */ = {isa = PBXFileReference; lastKnownFileType = sourcecode.swift; path = BlobShape.swift; sourceTree = "<group>"; };
/* End PBXFileReference section */

/* Begin PBXFrameworksBuildPhase section */
		A5CDF542273789AD009B0D79 /* Frameworks */ = {
			isa = PBXFrameworksBuildPhase;
			buildActionMask = 2147483647;
			files = (
			);
			runOnlyForDeploymentPostprocessing = 0;
		};
		A5CDF548273789AD009B0D79 /* Frameworks */ = {
			isa = PBXFrameworksBuildPhase;
			buildActionMask = 2147483647;
			files = (
			);
			runOnlyForDeploymentPostprocessing = 0;
		};
/* End PBXFrameworksBuildPhase section */

/* Begin PBXGroup section */
		A5CDF538273789A9009B0D79 = {
			isa = PBXGroup;
			children = (
				A5CDF53D273789AA009B0D79 /* Shared */,
				A5CDF54C273789AD009B0D79 /* macOS */,
				A5CDF546273789AD009B0D79 /* Products */,
			);
			sourceTree = "<group>";
		};
		A5CDF53D273789AA009B0D79 /* Shared */ = {
			isa = PBXGroup;
			children = (
				A5CDF53E273789AA009B0D79 /* BlobMakerApp.swift */,
				A5CDF53F273789AA009B0D79 /* ContentView.swift */,
				A5EAE80227397F4500F93290 /* BlobShape.swift */,
				A5EAE7FF27397EEC00F93290 /* AnimatableCGPointVector.swift */,
				A5CDF540273789AD009B0D79 /* Assets.xcassets */,
			);
			path = Shared;
			sourceTree = "<group>";
		};
		A5CDF546273789AD009B0D79 /* Products */ = {
			isa = PBXGroup;
			children = (
				A5CDF545273789AD009B0D79 /* BlobMaker.app */,
				A5CDF54B273789AD009B0D79 /* BlobMaker.app */,
			);
			name = Products;
			sourceTree = "<group>";
		};
		A5CDF54C273789AD009B0D79 /* macOS */ = {
			isa = PBXGroup;
			children = (
				A5CDF54D273789AD009B0D79 /* macOS.entitlements */,
			);
			path = macOS;
			sourceTree = "<group>";
		};
/* End PBXGroup section */

/* Begin PBXNativeTarget section */
		A5CDF544273789AD009B0D79 /* BlobMaker (iOS) */ = {
			isa = PBXNativeTarget;
			buildConfigurationList = A5CDF556273789AD009B0D79 /* Build configuration list for PBXNativeTarget "BlobMaker (iOS)" */;
			buildPhases = (
				A5CDF541273789AD009B0D79 /* Sources */,
				A5CDF542273789AD009B0D79 /* Frameworks */,
				A5CDF543273789AD009B0D79 /* Resources */,
			);
			buildRules = (
			);
			dependencies = (
			);
			name = "BlobMaker (iOS)";
			productName = "BlobMaker (iOS)";
			productReference = A5CDF545273789AD009B0D79 /* BlobMaker.app */;
			productType = "com.apple.product-type.application";
		};
		A5CDF54A273789AD009B0D79 /* BlobMaker (macOS) */ = {
			isa = PBXNativeTarget;
			buildConfigurationList = A5CDF559273789AD009B0D79 /* Build configuration list for PBXNativeTarget "BlobMaker (macOS)" */;
			buildPhases = (
				A5CDF547273789AD009B0D79 /* Sources */,
				A5CDF548273789AD009B0D79 /* Frameworks */,
				A5CDF549273789AD009B0D79 /* Resources */,
			);
			buildRules = (
			);
			dependencies = (
			);
			name = "BlobMaker (macOS)";
			productName = "BlobMaker (macOS)";
			productReference = A5CDF54B273789AD009B0D79 /* BlobMaker.app */;
			productType = "com.apple.product-type.application";
		};
/* End PBXNativeTarget section */

/* Begin PBXProject section */
		A5CDF539273789AA009B0D79 /* Project object */ = {
			isa = PBXProject;
			attributes = {
				BuildIndependentTargetsInParallel = 1;
				LastSwiftUpdateCheck = 1310;
				LastUpgradeCheck = 1310;
				TargetAttributes = {
					A5CDF544273789AD009B0D79 = {
						CreatedOnToolsVersion = 13.1;
					};
					A5CDF54A273789AD009B0D79 = {
						CreatedOnToolsVersion = 13.1;
					};
				};
			};
			buildConfigurationList = A5CDF53C273789AA009B0D79 /* Build configuration list for PBXProject "BlobMaker" */;
			compatibilityVersion = "Xcode 13.0";
			developmentRegion = en;
			hasScannedForEncodings = 0;
			knownRegions = (
				en,
				Base,
			);
			mainGroup = A5CDF538273789A9009B0D79;
			productRefGroup = A5CDF546273789AD009B0D79 /* Products */;
			projectDirPath = "";
			projectRoot = "";
			targets = (
				A5CDF544273789AD009B0D79 /* BlobMaker (iOS) */,
				A5CDF54A273789AD009B0D79 /* BlobMaker (macOS) */,
			);
		};
/* End PBXProject section */

/* Begin PBXResourcesBuildPhase section */
		A5CDF543273789AD009B0D79 /* Resources */ = {
			isa = PBXResourcesBuildPhase;
			buildActionMask = 2147483647;
			files = (
				A5CDF552273789AD009B0D79 /* Assets.xcassets in Resources */,
			);
			runOnlyForDeploymentPostprocessing = 0;
		};
		A5CDF549273789AD009B0D79 /* Resources */ = {
			isa = PBXResourcesBuildPhase;
			buildActionMask = 2147483647;
			files = (
				A5CDF553273789AD009B0D79 /* Assets.xcassets in Resources */,
			);
			runOnlyForDeploymentPostprocessing = 0;
		};
/* End PBXResourcesBuildPhase section */

/* Begin PBXSourcesBuildPhase section */
		A5CDF541273789AD009B0D79 /* Sources */ = {
			isa = PBXSourcesBuildPhase;
			buildActionMask = 2147483647;
			files = (
				A5EAE80327397F4500F93290 /* BlobShape.swift in Sources */,
				A5CDF550273789AD009B0D79 /* ContentView.swift in Sources */,
				A5EAE80027397EEC00F93290 /* AnimatableCGPointVector.swift in Sources */,
				A5CDF54E273789AD009B0D79 /* BlobMakerApp.swift in Sources */,
			);
			runOnlyForDeploymentPostprocessing = 0;
		};
		A5CDF547273789AD009B0D79 /* Sources */ = {
			isa = PBXSourcesBuildPhase;
			buildActionMask = 2147483647;
			files = (
				A5EAE80427397F4500F93290 /* BlobShape.swift in Sources */,
				A5CDF551273789AD009B0D79 /* ContentView.swift in Sources */,
				A5EAE80127397EEC00F93290 /* AnimatableCGPointVector.swift in Sources */,
				A5CDF54F273789AD009B0D79 /* BlobMakerApp.swift in Sources */,
			);
			runOnlyForDeploymentPostprocessing = 0;
		};
/* End PBXSourcesBuildPhase section */

/* Begin XCBuildConfiguration section */
		A5CDF554273789AD009B0D79 /* Debug */ = {
			isa = XCBuildConfiguration;
			buildSettings = {
				ALWAYS_SEARCH_USER_PATHS = NO;
				CLANG_ANALYZER_NONNULL = YES;
				CLANG_ANALYZER_NUMBER_OBJECT_CONVERSION = YES_AGGRESSIVE;
				CLANG_CXX_LANGUAGE_STANDARD = "gnu++17";
				CLANG_CXX_LIBRARY = "libc++";
				CLANG_ENABLE_MODULES = YES;
				CLANG_ENABLE_OBJC_ARC = YES;
				CLANG_ENABLE_OBJC_WEAK = YES;
				CLANG_WARN_BLOCK_CAPTURE_AUTORELEASING = YES;
				CLANG_WARN_BOOL_CONVERSION = YES;
				CLANG_WARN_COMMA = YES;
				CLANG_WARN_CONSTANT_CONVERSION = YES;
				CLANG_WARN_DEPRECATED_OBJC_IMPLEMENTATIONS = YES;
				CLANG_WARN_DIRECT_OBJC_ISA_USAGE = YES_ERROR;
				CLANG_WARN_DOCUMENTATION_COMMENTS = YES;
				CLANG_WARN_EMPTY_BODY = YES;
				CLANG_WARN_ENUM_CONVERSION = YES;
				CLANG_WARN_INFINITE_RECURSION = YES;
				CLANG_WARN_INT_CONVERSION = YES;
				CLANG_WARN_NON_LITERAL_NULL_CONVERSION = YES;
				CLANG_WARN_OBJC_IMPLICIT_RETAIN_SELF = YES;
				CLANG_WARN_OBJC_LITERAL_CONVERSION = YES;
				CLANG_WARN_OBJC_ROOT_CLASS = YES_ERROR;
				CLANG_WARN_QUOTED_INCLUDE_IN_FRAMEWORK_HEADER = YES;
				CLANG_WARN_RANGE_LOOP_ANALYSIS = YES;
				CLANG_WARN_STRICT_PROTOTYPES = YES;
				CLANG_WARN_SUSPICIOUS_MOVE = YES;
				CLANG_WARN_UNGUARDED_AVAILABILITY = YES_AGGRESSIVE;
				CLANG_WARN_UNREACHABLE_CODE = YES;
				CLANG_WARN__DUPLICATE_METHOD_MATCH = YES;
				COPY_PHASE_STRIP = NO;
				DEBUG_INFORMATION_FORMAT = dwarf;
				ENABLE_STRICT_OBJC_MSGSEND = YES;
				ENABLE_TESTABILITY = YES;
				GCC_C_LANGUAGE_STANDARD = gnu11;
				GCC_DYNAMIC_NO_PIC = NO;
				GCC_NO_COMMON_BLOCKS = YES;
				GCC_OPTIMIZATION_LEVEL = 0;
				GCC_PREPROCESSOR_DEFINITIONS = (
					"DEBUG=1",
					"$(inherited)",
				);
				GCC_WARN_64_TO_32_BIT_CONVERSION = YES;
				GCC_WARN_ABOUT_RETURN_TYPE = YES_ERROR;
				GCC_WARN_UNDECLARED_SELECTOR = YES;
				GCC_WARN_UNINITIALIZED_AUTOS = YES_AGGRESSIVE;
				GCC_WARN_UNUSED_FUNCTION = YES;
				GCC_WARN_UNUSED_VARIABLE = YES;
				MTL_ENABLE_DEBUG_INFO = INCLUDE_SOURCE;
				MTL_FAST_MATH = YES;
				ONLY_ACTIVE_ARCH = YES;
				SWIFT_ACTIVE_COMPILATION_CONDITIONS = DEBUG;
				SWIFT_OPTIMIZATION_LEVEL = "-Onone";
			};
			name = Debug;
		};
		A5CDF555273789AD009B0D79 /* Release */ = {
			isa = XCBuildConfiguration;
			buildSettings = {
				ALWAYS_SEARCH_USER_PATHS = NO;
				CLANG_ANALYZER_NONNULL = YES;
				CLANG_ANALYZER_NUMBER_OBJECT_CONVERSION = YES_AGGRESSIVE;
				CLANG_CXX_LANGUAGE_STANDARD = "gnu++17";
				CLANG_CXX_LIBRARY = "libc++";
				CLANG_ENABLE_MODULES = YES;
				CLANG_ENABLE_OBJC_ARC = YES;
				CLANG_ENABLE_OBJC_WEAK = YES;
				CLANG_WARN_BLOCK_CAPTURE_AUTORELEASING = YES;
				CLANG_WARN_BOOL_CONVERSION = YES;
				CLANG_WARN_COMMA = YES;
				CLANG_WARN_CONSTANT_CONVERSION = YES;
				CLANG_WARN_DEPRECATED_OBJC_IMPLEMENTATIONS = YES;
				CLANG_WARN_DIRECT_OBJC_ISA_USAGE = YES_ERROR;
				CLANG_WARN_DOCUMENTATION_COMMENTS = YES;
				CLANG_WARN_EMPTY_BODY = YES;
				CLANG_WARN_ENUM_CONVERSION = YES;
				CLANG_WARN_INFINITE_RECURSION = YES;
				CLANG_WARN_INT_CONVERSION = YES;
				CLANG_WARN_NON_LITERAL_NULL_CONVERSION = YES;
				CLANG_WARN_OBJC_IMPLICIT_RETAIN_SELF = YES;
				CLANG_WARN_OBJC_LITERAL_CONVERSION = YES;
				CLANG_WARN_OBJC_ROOT_CLASS = YES_ERROR;
				CLANG_WARN_QUOTED_INCLUDE_IN_FRAMEWORK_HEADER = YES;
				CLANG_WARN_RANGE_LOOP_ANALYSIS = YES;
				CLANG_WARN_STRICT_PROTOTYPES = YES;
				CLANG_WARN_SUSPICIOUS_MOVE = YES;
				CLANG_WARN_UNGUARDED_AVAILABILITY = YES_AGGRESSIVE;
				CLANG_WARN_UNREACHABLE_CODE = YES;
				CLANG_WARN__DUPLICATE_METHOD_MATCH = YES;
				COPY_PHASE_STRIP = NO;
				DEBUG_INFORMATION_FORMAT = "dwarf-with-dsym";
				ENABLE_NS_ASSERTIONS = NO;
				ENABLE_STRICT_OBJC_MSGSEND = YES;
				GCC_C_LANGUAGE_STANDARD = gnu11;
				GCC_NO_COMMON_BLOCKS = YES;
				GCC_WARN_64_TO_32_BIT_CONVERSION = YES;
				GCC_WARN_ABOUT_RETURN_TYPE = YES_ERROR;
				GCC_WARN_UNDECLARED_SELECTOR = YES;
				GCC_WARN_UNINITIALIZED_AUTOS = YES_AGGRESSIVE;
				GCC_WARN_UNUSED_FUNCTION = YES;
				GCC_WARN_UNUSED_VARIABLE = YES;
				MTL_ENABLE_DEBUG_INFO = NO;
				MTL_FAST_MATH = YES;
				SWIFT_COMPILATION_MODE = wholemodule;
				SWIFT_OPTIMIZATION_LEVEL = "-O";
			};
			name = Release;
		};
		A5CDF557273789AD009B0D79 /* Debug */ = {
			isa = XCBuildConfiguration;
			buildSettings = {
				ASSETCATALOG_COMPILER_APPICON_NAME = AppIcon;
				ASSETCATALOG_COMPILER_GLOBAL_ACCENT_COLOR_NAME = AccentColor;
				CODE_SIGN_STYLE = Automatic;
				CURRENT_PROJECT_VERSION = 1;
				DEVELOPMENT_TEAM = Z7S6X96M3X;
				ENABLE_PREVIEWS = YES;
				GENERATE_INFOPLIST_FILE = YES;
				INFOPLIST_KEY_UIApplicationSceneManifest_Generation = YES;
				INFOPLIST_KEY_UIApplicationSupportsIndirectInputEvents = YES;
				INFOPLIST_KEY_UILaunchScreen_Generation = YES;
				INFOPLIST_KEY_UISupportedInterfaceOrientations_iPad = "UIInterfaceOrientationPortrait UIInterfaceOrientationPortraitUpsideDown UIInterfaceOrientationLandscapeLeft UIInterfaceOrientationLandscapeRight";
				INFOPLIST_KEY_UISupportedInterfaceOrientations_iPhone = "UIInterfaceOrientationPortrait UIInterfaceOrientationLandscapeLeft UIInterfaceOrientationLandscapeRight";
				IPHONEOS_DEPLOYMENT_TARGET = 15.0;
				LD_RUNPATH_SEARCH_PATHS = (
					"$(inherited)",
					"@executable_path/Frameworks",
				);
				MARKETING_VERSION = 1.0;
				PRODUCT_BUNDLE_IDENTIFIER = com.latenightsw.BlobMaker;
				PRODUCT_NAME = BlobMaker;
				SDKROOT = iphoneos;
				SWIFT_EMIT_LOC_STRINGS = YES;
				SWIFT_VERSION = 5.0;
				TARGETED_DEVICE_FAMILY = "1,2";
			};
			name = Debug;
		};
		A5CDF558273789AD009B0D79 /* Release */ = {
			isa = XCBuildConfiguration;
			buildSettings = {
				ASSETCATALOG_COMPILER_APPICON_NAME = AppIcon;
				ASSETCATALOG_COMPILER_GLOBAL_ACCENT_COLOR_NAME = AccentColor;
				CODE_SIGN_STYLE = Automatic;
				CURRENT_PROJECT_VERSION = 1;
				DEVELOPMENT_TEAM = Z7S6X96M3X;
				ENABLE_PREVIEWS = YES;
				GENERATE_INFOPLIST_FILE = YES;
				INFOPLIST_KEY_UIApplicationSceneManifest_Generation = YES;
				INFOPLIST_KEY_UIApplicationSupportsIndirectInputEvents = YES;
				INFOPLIST_KEY_UILaunchScreen_Generation = YES;
				INFOPLIST_KEY_UISupportedInterfaceOrientations_iPad = "UIInterfaceOrientationPortrait UIInterfaceOrientationPortraitUpsideDown UIInterfaceOrientationLandscapeLeft UIInterfaceOrientationLandscapeRight";
				INFOPLIST_KEY_UISupportedInterfaceOrientations_iPhone = "UIInterfaceOrientationPortrait UIInterfaceOrientationLandscapeLeft UIInterfaceOrientationLandscapeRight";
				IPHONEOS_DEPLOYMENT_TARGET = 15.0;
				LD_RUNPATH_SEARCH_PATHS = (
					"$(inherited)",
					"@executable_path/Frameworks",
				);
				MARKETING_VERSION = 1.0;
				PRODUCT_BUNDLE_IDENTIFIER = com.latenightsw.BlobMaker;
				PRODUCT_NAME = BlobMaker;
				SDKROOT = iphoneos;
				SWIFT_EMIT_LOC_STRINGS = YES;
				SWIFT_VERSION = 5.0;
				TARGETED_DEVICE_FAMILY = "1,2";
				VALIDATE_PRODUCT = YES;
			};
			name = Release;
		};
		A5CDF55A273789AD009B0D79 /* Debug */ = {
			isa = XCBuildConfiguration;
			buildSettings = {
				ASSETCATALOG_COMPILER_APPICON_NAME = AppIcon;
				ASSETCATALOG_COMPILER_GLOBAL_ACCENT_COLOR_NAME = AccentColor;
				CODE_SIGN_ENTITLEMENTS = macOS/macOS.entitlements;
				CODE_SIGN_STYLE = Automatic;
				COMBINE_HIDPI_IMAGES = YES;
				CURRENT_PROJECT_VERSION = 1;
				DEVELOPMENT_TEAM = Z7S6X96M3X;
				ENABLE_HARDENED_RUNTIME = YES;
				ENABLE_PREVIEWS = YES;
				GENERATE_INFOPLIST_FILE = YES;
				INFOPLIST_KEY_NSHumanReadableCopyright = "";
				LD_RUNPATH_SEARCH_PATHS = (
					"$(inherited)",
					"@executable_path/../Frameworks",
				);
				MACOSX_DEPLOYMENT_TARGET = 11.6;
				MARKETING_VERSION = 1.0;
				PRODUCT_BUNDLE_IDENTIFIER = com.latenightsw.BlobMaker;
				PRODUCT_NAME = BlobMaker;
				SDKROOT = macosx;
				SWIFT_EMIT_LOC_STRINGS = YES;
				SWIFT_VERSION = 5.0;
			};
			name = Debug;
		};
		A5CDF55B273789AD009B0D79 /* Release */ = {
			isa = XCBuildConfiguration;
			buildSettings = {
				ASSETCATALOG_COMPILER_APPICON_NAME = AppIcon;
				ASSETCATALOG_COMPILER_GLOBAL_ACCENT_COLOR_NAME = AccentColor;
				CODE_SIGN_ENTITLEMENTS = macOS/macOS.entitlements;
				CODE_SIGN_STYLE = Automatic;
				COMBINE_HIDPI_IMAGES = YES;
				CURRENT_PROJECT_VERSION = 1;
				DEVELOPMENT_TEAM = Z7S6X96M3X;
				ENABLE_HARDENED_RUNTIME = YES;
				ENABLE_PREVIEWS = YES;
				GENERATE_INFOPLIST_FILE = YES;
				INFOPLIST_KEY_NSHumanReadableCopyright = "";
				LD_RUNPATH_SEARCH_PATHS = (
					"$(inherited)",
					"@executable_path/../Frameworks",
				);
				MACOSX_DEPLOYMENT_TARGET = 11.6;
				MARKETING_VERSION = 1.0;
				PRODUCT_BUNDLE_IDENTIFIER = com.latenightsw.BlobMaker;
				PRODUCT_NAME = BlobMaker;
				SDKROOT = macosx;
				SWIFT_EMIT_LOC_STRINGS = YES;
				SWIFT_VERSION = 5.0;
			};
			name = Release;
		};
/* End XCBuildConfiguration section */

/* Begin XCConfigurationList section */
		A5CDF53C273789AA009B0D79 /* Build configuration list for PBXProject "BlobMaker" */ = {
			isa = XCConfigurationList;
			buildConfigurations = (
				A5CDF554273789AD009B0D79 /* Debug */,
				A5CDF555273789AD009B0D79 /* Release */,
			);
			defaultConfigurationIsVisible = 0;
			defaultConfigurationName = Release;
		};
		A5CDF556273789AD009B0D79 /* Build configuration list for PBXNativeTarget "BlobMaker (iOS)" */ = {
			isa = XCConfigurationList;
			buildConfigurations = (
				A5CDF557273789AD009B0D79 /* Debug */,
				A5CDF558273789AD009B0D79 /* Release */,
			);
			defaultConfigurationIsVisible = 0;
			defaultConfigurationName = Release;
		};
		A5CDF559273789AD009B0D79 /* Build configuration list for PBXNativeTarget "BlobMaker (macOS)" */ = {
			isa = XCConfigurationList;
			buildConfigurations = (
				A5CDF55A273789AD009B0D79 /* Debug */,
				A5CDF55B273789AD009B0D79 /* Release */,
			);
			defaultConfigurationIsVisible = 0;
			defaultConfigurationName = Release;
		};
/* End XCConfigurationList section */
	};
	rootObject = A5CDF539273789AA009B0D79 /* Project object */;
}
